
Microsoft Visual Studio Solution File, Format Version 12.00
# Visual Studio 14
VisualStudioVersion = 14.0.23107.0
MinimumVisualStudioVersion = 10.0.40219.1
Project("{FAE04EC0-301F-11D3-BF4B-00C04F79EFBC}") = "MVC_Lab_1", "MVC_Lab_1\MVC_Lab_1.csproj", "{A7F13FE2-3A1E-4B1F-B291-B5CE7F608C2D}"
EndProject
Project("{FAE04EC0-301F-11D3-BF4B-00C04F79EFBC}") = "MVC_Lab_2_Grupp_3", "MVC_Lab_2_Grupp_3\MVC_Lab_2_Grupp_3.csproj", "{BA278E3E-C438-4457-9773-5BFDECD4D033}"
EndProject
Project("{8BB2217D-0F2D-49D1-97BC-3654ED321F3B}") = "MVC_Lab_3_ContosoBooks", "MVC_Lab_3_ContosoBooks\MVC_Lab_3_ContosoBooks.xproj", "{9D96620B-332D-4D00-B668-D79BF35330BB}"
EndProject
Project("{8BB2217D-0F2D-49D1-97BC-3654ED321F3B}") = "MVC_Lab_3_MvcMovie", "MVC_Lab_3_MvcMovie\MVC_Lab_3_MvcMovie.xproj", "{7BCB14F3-1901-45E4-ABCE-3E215A525CA6}"
EndProject
Project("{FAE04EC0-301F-11D3-BF4B-00C04F79EFBC}") = "MVC_Lab_4_Ajax", "MVC_Lab_4_Ajax\MVC_Lab_4_Ajax.csproj", "{D2CE23C8-FB85-4FC7-B5D3-AC7CB4C578AC}"
EndProject
Global
	GlobalSection(SolutionConfigurationPlatforms) = preSolution
		Debug|Any CPU = Debug|Any CPU
		Release|Any CPU = Release|Any CPU
	EndGlobalSection
	GlobalSection(ProjectConfigurationPlatforms) = postSolution
		{A7F13FE2-3A1E-4B1F-B291-B5CE7F608C2D}.Debug|Any CPU.ActiveCfg = Debug|Any CPU
		{A7F13FE2-3A1E-4B1F-B291-B5CE7F608C2D}.Debug|Any CPU.Build.0 = Debug|Any CPU
		{A7F13FE2-3A1E-4B1F-B291-B5CE7F608C2D}.Release|Any CPU.ActiveCfg = Release|Any CPU
		{A7F13FE2-3A1E-4B1F-B291-B5CE7F608C2D}.Release|Any CPU.Build.0 = Release|Any CPU
		{BA278E3E-C438-4457-9773-5BFDECD4D033}.Debug|Any CPU.ActiveCfg = Debug|Any CPU
		{BA278E3E-C438-4457-9773-5BFDECD4D033}.Debug|Any CPU.Build.0 = Debug|Any CPU
		{BA278E3E-C438-4457-9773-5BFDECD4D033}.Release|Any CPU.ActiveCfg = Release|Any CPU
		{BA278E3E-C438-4457-9773-5BFDECD4D033}.Release|Any CPU.Build.0 = Release|Any CPU
		{9D96620B-332D-4D00-B668-D79BF35330BB}.Debug|Any CPU.ActiveCfg = Debug|Any CPU
		{9D96620B-332D-4D00-B668-D79BF35330BB}.Debug|Any CPU.Build.0 = Debug|Any CPU
		{9D96620B-332D-4D00-B668-D79BF35330BB}.Release|Any CPU.ActiveCfg = Release|Any CPU
		{9D96620B-332D-4D00-B668-D79BF35330BB}.Release|Any CPU.Build.0 = Release|Any CPU
		{7BCB14F3-1901-45E4-ABCE-3E215A525CA6}.Debug|Any CPU.ActiveCfg = Debug|Any CPU
		{7BCB14F3-1901-45E4-ABCE-3E215A525CA6}.Debug|Any CPU.Build.0 = Debug|Any CPU
		{7BCB14F3-1901-45E4-ABCE-3E215A525CA6}.Release|Any CPU.ActiveCfg = Release|Any CPU
		{7BCB14F3-1901-45E4-ABCE-3E215A525CA6}.Release|Any CPU.Build.0 = Release|Any CPU
		{D2CE23C8-FB85-4FC7-B5D3-AC7CB4C578AC}.Debug|Any CPU.ActiveCfg = Debug|Any CPU
		{D2CE23C8-FB85-4FC7-B5D3-AC7CB4C578AC}.Debug|Any CPU.Build.0 = Debug|Any CPU
		{D2CE23C8-FB85-4FC7-B5D3-AC7CB4C578AC}.Release|Any CPU.ActiveCfg = Release|Any CPU
		{D2CE23C8-FB85-4FC7-B5D3-AC7CB4C578AC}.Release|Any CPU.Build.0 = Release|Any CPU
	EndGlobalSection
	GlobalSection(SolutionProperties) = preSolution
		HideSolutionNode = FALSE
	EndGlobalSection
EndGlobal
